
Microsoft Visual Studio Solution File, Format Version 12.00
# Visual Studio 15
VisualStudioVersion = 15.0.27130.2010
MinimumVisualStudioVersion = 10.0.40219.1
Project("{2150E333-8FDC-42A3-9474-1A3956D46DE8}") = "OpenGL Specs", "OpenGL Specs", "{74055295-3E82-45FF-8748-6130F534C8B0}"
	ProjectSection(SolutionItems) = preProject
		GLSpecs\egl.xml = GLSpecs\egl.xml
		GLSpecs\gl.xml = GLSpecs\gl.xml
		GLSpecs\glx.xml = GLSpecs\glx.xml
		GLSpecs\wgl.xml = GLSpecs\wgl.xml
	EndProjectSection
EndProject
Project("{2150E333-8FDC-42A3-9474-1A3956D46DE8}") = "Solution Items", "Solution Items", "{BC9954B5-DF60-43BC-9F04-3FBB2D7DE8E8}"
	ProjectSection(SolutionItems) = preProject
		LICENSE = LICENSE
		README.md = README.md
	EndProjectSection
EndProject
Project("{FAE04EC0-301F-11D3-BF4B-00C04F79EFBC}") = "Uriel", "Core\Uriel.csproj", "{4A366686-E6AF-4AF0-9199-8BE691A5A392}"
EndProject
Project("{FAE04EC0-301F-11D3-BF4B-00C04F79EFBC}") = "OpenGL.Net_net461", "Dependencies\OpenGL.Net\OpenGL.Net_net461.csproj", "{9E3018F3-770E-4CFD-87D0-BAEE66E9FE8F}"
EndProject
Project("{FAE04EC0-301F-11D3-BF4B-00C04F79EFBC}") = "OpenGL.Net.WinForms_net461", "Dependencies\OpenGL.Net.WinForms\OpenGL.Net.WinForms_net461.csproj", "{1DA7D767-B83A-416E-A235-2EBE0FBE1769}"
EndProject
Project("{2150E333-8FDC-42A3-9474-1A3956D46DE8}") = "Toolkits", "Toolkits", "{81BBBDCD-40F4-43F2-BAA6-AE8280C19105}"
EndProject
Project("{D954291E-2A0B-460D-934E-DC6B0785DB48}") = "Khronos.Net", "Dependencies\Khronos.Net\Khronos.Net.shproj", "{C403B635-6B87-4540-8679-7889ED5D3360}"
EndProject
Project("{FAE04EC0-301F-11D3-BF4B-00C04F79EFBC}") = "OpenGL.Net.Math_net461", "Dependencies\OpenGL.Net\OpenGL.Net.Math_net461.csproj", "{05DFBC0C-AFBC-4ED0-BF43-80D7BB4E8DFD}"
EndProject
Project("{2150E333-8FDC-42A3-9474-1A3956D46DE8}") = "Math", "Math", "{F042B79B-88F3-49AA-9A6C-69D3DAB3E172}"
EndProject
Project("{2150E333-8FDC-42A3-9474-1A3956D46DE8}") = "WinForms", "WinForms", "{6050E8C5-AA17-4F11-82E8-F70842CCF05C}"
EndProject
Project("{2150E333-8FDC-42A3-9474-1A3956D46DE8}") = "OpenGL", "OpenGL", "{2B66228F-1FDA-4407-8E0D-450C15C1D6D1}"
EndProject
Project("{2150E333-8FDC-42A3-9474-1A3956D46DE8}") = "Dependencies", "Dependencies", "{B680DF9E-FDF6-484A-BC2F-8B10C136A44D}"
EndProject
Project("{2150E333-8FDC-42A3-9474-1A3956D46DE8}") = "Core", "Core", "{64D6CDBE-88F3-4901-AAEC-2C905399680C}"
EndProject
Global
	GlobalSection(SharedMSBuildProjectFiles) = preSolution
		Dependencies\Khronos.Net\Khronos.Net.projitems*{9e3018f3-770e-4cfd-87d0-baee66e9fe8f}*SharedItemsImports = 4
		Dependencies\Khronos.Net\Khronos.Net.projitems*{c403b635-6b87-4540-8679-7889ed5d3360}*SharedItemsImports = 13
	EndGlobalSection
	GlobalSection(SolutionConfigurationPlatforms) = preSolution
		Debug|Any CPU = Debug|Any CPU
		Debug|x64 = Debug|x64
		Debug|x86 = Debug|x86
		Release|Any CPU = Release|Any CPU
		Release|x64 = Release|x64
		Release|x86 = Release|x86
	EndGlobalSection
	GlobalSection(ProjectConfigurationPlatforms) = postSolution
		{4A366686-E6AF-4AF0-9199-8BE691A5A392}.Debug|Any CPU.ActiveCfg = Debug|Any CPU
		{4A366686-E6AF-4AF0-9199-8BE691A5A392}.Debug|Any CPU.Build.0 = Debug|Any CPU
		{4A366686-E6AF-4AF0-9199-8BE691A5A392}.Debug|x64.ActiveCfg = Debug|x64
		{4A366686-E6AF-4AF0-9199-8BE691A5A392}.Debug|x64.Build.0 = Debug|x64
		{4A366686-E6AF-4AF0-9199-8BE691A5A392}.Debug|x86.ActiveCfg = Debug|x86
		{4A366686-E6AF-4AF0-9199-8BE691A5A392}.Debug|x86.Build.0 = Debug|x86
		{4A366686-E6AF-4AF0-9199-8BE691A5A392}.Release|Any CPU.ActiveCfg = Release|Any CPU
		{4A366686-E6AF-4AF0-9199-8BE691A5A392}.Release|Any CPU.Build.0 = Release|Any CPU
		{4A366686-E6AF-4AF0-9199-8BE691A5A392}.Release|x64.ActiveCfg = Release|x64
		{4A366686-E6AF-4AF0-9199-8BE691A5A392}.Release|x64.Build.0 = Release|x64
		{4A366686-E6AF-4AF0-9199-8BE691A5A392}.Release|x86.ActiveCfg = Release|x86
		{4A366686-E6AF-4AF0-9199-8BE691A5A392}.Release|x86.Build.0 = Release|x86
		{9E3018F3-770E-4CFD-87D0-BAEE66E9FE8F}.Debug|Any CPU.ActiveCfg = Debug|Any CPU
		{9E3018F3-770E-4CFD-87D0-BAEE66E9FE8F}.Debug|Any CPU.Build.0 = Debug|Any CPU
		{9E3018F3-770E-4CFD-87D0-BAEE66E9FE8F}.Debug|x64.ActiveCfg = Debug|x64
		{9E3018F3-770E-4CFD-87D0-BAEE66E9FE8F}.Debug|x64.Build.0 = Debug|x64
		{9E3018F3-770E-4CFD-87D0-BAEE66E9FE8F}.Debug|x86.ActiveCfg = Debug|x86
		{9E3018F3-770E-4CFD-87D0-BAEE66E9FE8F}.Debug|x86.Build.0 = Debug|x86
		{9E3018F3-770E-4CFD-87D0-BAEE66E9FE8F}.Release|Any CPU.ActiveCfg = Release|Any CPU
		{9E3018F3-770E-4CFD-87D0-BAEE66E9FE8F}.Release|Any CPU.Build.0 = Release|Any CPU
		{9E3018F3-770E-4CFD-87D0-BAEE66E9FE8F}.Release|x64.ActiveCfg = Release|x64
		{9E3018F3-770E-4CFD-87D0-BAEE66E9FE8F}.Release|x64.Build.0 = Release|x64
		{9E3018F3-770E-4CFD-87D0-BAEE66E9FE8F}.Release|x86.ActiveCfg = Release|x86
		{9E3018F3-770E-4CFD-87D0-BAEE66E9FE8F}.Release|x86.Build.0 = Release|x86
		{1DA7D767-B83A-416E-A235-2EBE0FBE1769}.Debug|Any CPU.ActiveCfg = Debug|Any CPU
		{1DA7D767-B83A-416E-A235-2EBE0FBE1769}.Debug|Any CPU.Build.0 = Debug|Any CPU
		{1DA7D767-B83A-416E-A235-2EBE0FBE1769}.Debug|x64.ActiveCfg = Debug|x64
		{1DA7D767-B83A-416E-A235-2EBE0FBE1769}.Debug|x64.Build.0 = Debug|x64
		{1DA7D767-B83A-416E-A235-2EBE0FBE1769}.Debug|x86.ActiveCfg = Debug|x86
		{1DA7D767-B83A-416E-A235-2EBE0FBE1769}.Debug|x86.Build.0 = Debug|x86
		{1DA7D767-B83A-416E-A235-2EBE0FBE1769}.Release|Any CPU.ActiveCfg = Release|Any CPU
		{1DA7D767-B83A-416E-A235-2EBE0FBE1769}.Release|Any CPU.Build.0 = Release|Any CPU
		{1DA7D767-B83A-416E-A235-2EBE0FBE1769}.Release|x64.ActiveCfg = Release|x64
		{1DA7D767-B83A-416E-A235-2EBE0FBE1769}.Release|x64.Build.0 = Release|x64
		{1DA7D767-B83A-416E-A235-2EBE0FBE1769}.Release|x86.ActiveCfg = Release|x86
		{1DA7D767-B83A-416E-A235-2EBE0FBE1769}.Release|x86.Build.0 = Release|x86
		{05DFBC0C-AFBC-4ED0-BF43-80D7BB4E8DFD}.Debug|Any CPU.ActiveCfg = Debug|Any CPU
		{05DFBC0C-AFBC-4ED0-BF43-80D7BB4E8DFD}.Debug|Any CPU.Build.0 = Debug|Any CPU
		{05DFBC0C-AFBC-4ED0-BF43-80D7BB4E8DFD}.Debug|x64.ActiveCfg = Debug|x64
		{05DFBC0C-AFBC-4ED0-BF43-80D7BB4E8DFD}.Debug|x64.Build.0 = Debug|x64
		{05DFBC0C-AFBC-4ED0-BF43-80D7BB4E8DFD}.Debug|x86.ActiveCfg = Debug|x86
		{05DFBC0C-AFBC-4ED0-BF43-80D7BB4E8DFD}.Debug|x86.Build.0 = Debug|x86
		{05DFBC0C-AFBC-4ED0-BF43-80D7BB4E8DFD}.Release|Any CPU.ActiveCfg = Release|Any CPU
		{05DFBC0C-AFBC-4ED0-BF43-80D7BB4E8DFD}.Release|Any CPU.Build.0 = Release|Any CPU
		{05DFBC0C-AFBC-4ED0-BF43-80D7BB4E8DFD}.Release|x64.ActiveCfg = Release|x64
		{05DFBC0C-AFBC-4ED0-BF43-80D7BB4E8DFD}.Release|x64.Build.0 = Release|x64
		{05DFBC0C-AFBC-4ED0-BF43-80D7BB4E8DFD}.Release|x86.ActiveCfg = Release|x86
		{05DFBC0C-AFBC-4ED0-BF43-80D7BB4E8DFD}.Release|x86.Build.0 = Release|x86
	EndGlobalSection
	GlobalSection(SolutionProperties) = preSolution
		HideSolutionNode = FALSE
	EndGlobalSection
	GlobalSection(NestedProjects) = preSolution
		{74055295-3E82-45FF-8748-6130F534C8B0} = {B680DF9E-FDF6-484A-BC2F-8B10C136A44D}
		{4A366686-E6AF-4AF0-9199-8BE691A5A392} = {64D6CDBE-88F3-4901-AAEC-2C905399680C}
		{9E3018F3-770E-4CFD-87D0-BAEE66E9FE8F} = {2B66228F-1FDA-4407-8E0D-450C15C1D6D1}
		{1DA7D767-B83A-416E-A235-2EBE0FBE1769} = {6050E8C5-AA17-4F11-82E8-F70842CCF05C}
		{81BBBDCD-40F4-43F2-BAA6-AE8280C19105} = {B680DF9E-FDF6-484A-BC2F-8B10C136A44D}
		{C403B635-6B87-4540-8679-7889ED5D3360} = {B680DF9E-FDF6-484A-BC2F-8B10C136A44D}
		{05DFBC0C-AFBC-4ED0-BF43-80D7BB4E8DFD} = {F042B79B-88F3-49AA-9A6C-69D3DAB3E172}
		{F042B79B-88F3-49AA-9A6C-69D3DAB3E172} = {B680DF9E-FDF6-484A-BC2F-8B10C136A44D}
		{6050E8C5-AA17-4F11-82E8-F70842CCF05C} = {81BBBDCD-40F4-43F2-BAA6-AE8280C19105}
		{2B66228F-1FDA-4407-8E0D-450C15C1D6D1} = {B680DF9E-FDF6-484A-BC2F-8B10C136A44D}
	EndGlobalSection
	GlobalSection(ExtensibilityGlobals) = postSolution
		SolutionGuid = {7A1302DF-7820-469A-9EB2-83CF7691A088}
	EndGlobalSection
EndGlobal
